
Microsoft Visual Studio Solution File, Format Version 12.00
# Visual Studio Version 17
VisualStudioVersion = 17.4.33122.133
MinimumVisualStudioVersion = 10.0.40219.1
Project("{FAE04EC0-301F-11D3-BF4B-00C04F79EFBC}") = "NewsDesktop", "NewsDesktop\NewsDesktop.csproj", "{6F09EC57-78B4-4C75-AE21-2E98E68886F8}"
EndProject
Project("{FAE04EC0-301F-11D3-BF4B-00C04F79EFBC}") = "NewsWebsite", "NewsWebsite\NewsWebsite.csproj", "{0969A61A-D7B9-4DCD-AE50-127C3D37E514}"
EndProject
Global
	GlobalSection(SolutionConfigurationPlatforms) = preSolution
		Debug|Any CPU = Debug|Any CPU
		Release|Any CPU = Release|Any CPU
	EndGlobalSection
	GlobalSection(ProjectConfigurationPlatforms) = postSolution
		{6F09EC57-78B4-4C75-AE21-2E98E68886F8}.Debug|Any CPU.ActiveCfg = Debug|Any CPU
		{6F09EC57-78B4-4C75-AE21-2E98E68886F8}.Debug|Any CPU.Build.0 = Debug|Any CPU
		{6F09EC57-78B4-4C75-AE21-2E98E68886F8}.Release|Any CPU.ActiveCfg = Release|Any CPU
		{6F09EC57-78B4-4C75-AE21-2E98E68886F8}.Release|Any CPU.Build.0 = Release|Any CPU
		{0969A61A-D7B9-4DCD-AE50-127C3D37E514}.Debug|Any CPU.ActiveCfg = Debug|Any CPU
		{0969A61A-D7B9-4DCD-AE50-127C3D37E514}.Debug|Any CPU.Build.0 = Debug|Any CPU
		{0969A61A-D7B9-4DCD-AE50-127C3D37E514}.Release|Any CPU.ActiveCfg = Release|Any CPU
		{0969A61A-D7B9-4DCD-AE50-127C3D37E514}.Release|Any CPU.Build.0 = Release|Any CPU
	EndGlobalSection
	GlobalSection(SolutionProperties) = preSolution
		HideSolutionNode = FALSE
	EndGlobalSection
	GlobalSection(ExtensibilityGlobals) = postSolution
		SolutionGuid = {401A8A7C-D2DC-4B97-9CA6-107A336D11EB}
	EndGlobalSection
EndGlobal
